
Microsoft Visual Studio Solution File, Format Version 12.00
# Visual Studio Version 16
VisualStudioVersion = 25.0.1705.4
MinimumVisualStudioVersion = 10.0.40219.1
Project("{FAE04EC0-301F-11D3-BF4B-00C04F79EFBC}") = "webProjeVize", "webProjeVize\webProjeVize.csproj", "{C13329F1-A0B1-4029-B008-C2008B6052FC}"
EndProject
Global
	GlobalSection(SolutionConfigurationPlatforms) = preSolution
		Debug|Any CPU = Debug|Any CPU
		Release|Any CPU = Release|Any CPU
	EndGlobalSection
	GlobalSection(ProjectConfigurationPlatforms) = postSolution
		{C13329F1-A0B1-4029-B008-C2008B6052FC}.Debug|Any CPU.ActiveCfg = Debug|Any CPU
		{C13329F1-A0B1-4029-B008-C2008B6052FC}.Debug|Any CPU.Build.0 = Debug|Any CPU
		{C13329F1-A0B1-4029-B008-C2008B6052FC}.Release|Any CPU.ActiveCfg = Release|Any CPU
		{C13329F1-A0B1-4029-B008-C2008B6052FC}.Release|Any CPU.Build.0 = Release|Any CPU
	EndGlobalSection
	GlobalSection(SolutionProperties) = preSolution
		HideSolutionNode = FALSE
	EndGlobalSection
	GlobalSection(ExtensibilityGlobals) = postSolution
		SolutionGuid = {1DF6CB7F-3558-47AB-B1F4-5B536C5EF959}
	EndGlobalSection
EndGlobal
